// !$*UTF8*$!
{
	archiveVersion = 1;
	classes = {
	};
	objectVersion = 50;
	objects = {

/* Begin PBXBuildFile section */
		8A13677E212BDEA900A8FAFA /* AppDelegate.swift in Sources */ = {isa = PBXBuildFile; fileRef = 8A13677D212BDEA900A8FAFA /* AppDelegate.swift */; };
		8A136780212BDEA900A8FAFA /* ViewController.swift in Sources */ = {isa = PBXBuildFile; fileRef = 8A13677F212BDEA900A8FAFA /* ViewController.swift */; };
		8A136783212BDEA900A8FAFA /* Main.storyboard in Resources */ = {isa = PBXBuildFile; fileRef = 8A136781212BDEA900A8FAFA /* Main.storyboard */; };
		8A136785212BDEAB00A8FAFA /* Assets.xcassets in Resources */ = {isa = PBXBuildFile; fileRef = 8A136784212BDEAB00A8FAFA /* Assets.xcassets */; };
		8A136788212BDEAB00A8FAFA /* LaunchScreen.storyboard in Resources */ = {isa = PBXBuildFile; fileRef = 8A136786212BDEAB00A8FAFA /* LaunchScreen.storyboard */; };
		8A136790212BDEFE00A8FAFA /* MyTabBarController.swift in Sources */ = {isa = PBXBuildFile; fileRef = 8A13678F212BDEFE00A8FAFA /* MyTabBarController.swift */; };
		8A136792212BDF2400A8FAFA /* HomeViewController.swift in Sources */ = {isa = PBXBuildFile; fileRef = 8A136791212BDF2400A8FAFA /* HomeViewController.swift */; };
		8A136794212BDF4A00A8FAFA /* VideoViewController.swift in Sources */ = {isa = PBXBuildFile; fileRef = 8A136793212BDF4A00A8FAFA /* VideoViewController.swift */; };
		8A136796212BDF5500A8FAFA /* MainViewController.swift in Sources */ = {isa = PBXBuildFile; fileRef = 8A136795212BDF5500A8FAFA /* MainViewController.swift */; };
		8A136798212BDF7200A8FAFA /* MyNavigationController.swift in Sources */ = {isa = PBXBuildFile; fileRef = 8A136797212BDF7200A8FAFA /* MyNavigationController.swift */; };
		8A13679A212BE49000A8FAFA /* HeadlineViewController.swift in Sources */ = {isa = PBXBuildFile; fileRef = 8A136799212BE49000A8FAFA /* HeadlineViewController.swift */; };
		8A13679E212BE8A100A8FAFA /* MyTabBar.swift in Sources */ = {isa = PBXBuildFile; fileRef = 8A13679D212BE8A100A8FAFA /* MyTabBar.swift */; };
		8A1367AB212BFE1700A8FAFA /* MineViewController.swift in Sources */ = {isa = PBXBuildFile; fileRef = 8A1367AA212BFE1700A8FAFA /* MineViewController.swift */; };
		8A1367B1212C038200A8FAFA /* NetworkTool.swift in Sources */ = {isa = PBXBuildFile; fileRef = 8A1367B0212C038200A8FAFA /* NetworkTool.swift */; };
		8A1367B9212C052A00A8FAFA /* Const.swift in Sources */ = {isa = PBXBuildFile; fileRef = 8A1367B8212C052A00A8FAFA /* Const.swift */; };
		A431C4FD02F7EBC4539AAF38 /* Pods_News.framework in Frameworks */ = {isa = PBXBuildFile; fileRef = D8F090BCD5B55974EDBA37E3 /* Pods_News.framework */; };
/* End PBXBuildFile section */

/* Begin PBXFileReference section */
		8A13677A212BDEA900A8FAFA /* News.app */ = {isa = PBXFileReference; explicitFileType = wrapper.application; includeInIndex = 0; path = News.app; sourceTree = BUILT_PRODUCTS_DIR; };
		8A13677D212BDEA900A8FAFA /* AppDelegate.swift */ = {isa = PBXFileReference; lastKnownFileType = sourcecode.swift; path = AppDelegate.swift; sourceTree = "<group>"; };
		8A13677F212BDEA900A8FAFA /* ViewController.swift */ = {isa = PBXFileReference; lastKnownFileType = sourcecode.swift; path = ViewController.swift; sourceTree = "<group>"; };
		8A136782212BDEA900A8FAFA /* Base */ = {isa = PBXFileReference; lastKnownFileType = file.storyboard; name = Base; path = Base.lproj/Main.storyboard; sourceTree = "<group>"; };
		8A136784212BDEAB00A8FAFA /* Assets.xcassets */ = {isa = PBXFileReference; lastKnownFileType = folder.assetcatalog; path = Assets.xcassets; sourceTree = "<group>"; };
		8A136787212BDEAB00A8FAFA /* Base */ = {isa = PBXFileReference; lastKnownFileType = file.storyboard; name = Base; path = Base.lproj/LaunchScreen.storyboard; sourceTree = "<group>"; };
		8A136789212BDEAB00A8FAFA /* Info.plist */ = {isa = PBXFileReference; lastKnownFileType = text.plist.xml; path = Info.plist; sourceTree = "<group>"; };
		8A13678F212BDEFE00A8FAFA /* MyTabBarController.swift */ = {isa = PBXFileReference; lastKnownFileType = sourcecode.swift; path = MyTabBarController.swift; sourceTree = "<group>"; };
		8A136791212BDF2400A8FAFA /* HomeViewController.swift */ = {isa = PBXFileReference; lastKnownFileType = sourcecode.swift; path = HomeViewController.swift; sourceTree = "<group>"; };
		8A136793212BDF4A00A8FAFA /* VideoViewController.swift */ = {isa = PBXFileReference; lastKnownFileType = sourcecode.swift; path = VideoViewController.swift; sourceTree = "<group>"; };
		8A136795212BDF5500A8FAFA /* MainViewController.swift */ = {isa = PBXFileReference; lastKnownFileType = sourcecode.swift; path = MainViewController.swift; sourceTree = "<group>"; };
		8A136797212BDF7200A8FAFA /* MyNavigationController.swift */ = {isa = PBXFileReference; lastKnownFileType = sourcecode.swift; path = MyNavigationController.swift; sourceTree = "<group>"; };
		8A136799212BE49000A8FAFA /* HeadlineViewController.swift */ = {isa = PBXFileReference; lastKnownFileType = sourcecode.swift; path = HeadlineViewController.swift; sourceTree = "<group>"; };
		8A13679D212BE8A100A8FAFA /* MyTabBar.swift */ = {isa = PBXFileReference; lastKnownFileType = sourcecode.swift; path = MyTabBar.swift; sourceTree = "<group>"; };
		8A1367AA212BFE1700A8FAFA /* MineViewController.swift */ = {isa = PBXFileReference; lastKnownFileType = sourcecode.swift; path = MineViewController.swift; sourceTree = "<group>"; };
		8A1367B0212C038200A8FAFA /* NetworkTool.swift */ = {isa = PBXFileReference; lastKnownFileType = sourcecode.swift; path = NetworkTool.swift; sourceTree = "<group>"; };
		8A1367B8212C052A00A8FAFA /* Const.swift */ = {isa = PBXFileReference; lastKnownFileType = sourcecode.swift; path = Const.swift; sourceTree = "<group>"; };
		A63F95B19D2A5CBC9266D884 /* Pods-News.release.xcconfig */ = {isa = PBXFileReference; includeInIndex = 1; lastKnownFileType = text.xcconfig; name = "Pods-News.release.xcconfig"; path = "Pods/Target Support Files/Pods-News/Pods-News.release.xcconfig"; sourceTree = "<group>"; };
		B55A96C36C59F5C31276F206 /* Pods-News.debug.xcconfig */ = {isa = PBXFileReference; includeInIndex = 1; lastKnownFileType = text.xcconfig; name = "Pods-News.debug.xcconfig"; path = "Pods/Target Support Files/Pods-News/Pods-News.debug.xcconfig"; sourceTree = "<group>"; };
		D8F090BCD5B55974EDBA37E3 /* Pods_News.framework */ = {isa = PBXFileReference; explicitFileType = wrapper.framework; includeInIndex = 0; path = Pods_News.framework; sourceTree = BUILT_PRODUCTS_DIR; };
/* End PBXFileReference section */

/* Begin PBXFrameworksBuildPhase section */
		8A136777212BDEA900A8FAFA /* Frameworks */ = {
			isa = PBXFrameworksBuildPhase;
			buildActionMask = 2147483647;
			files = (
				A431C4FD02F7EBC4539AAF38 /* Pods_News.framework in Frameworks */,
			);
			runOnlyForDeploymentPostprocessing = 0;
		};
/* End PBXFrameworksBuildPhase section */

/* Begin PBXGroup section */
		25C0E93A82092BABD0188C62 /* Frameworks */ = {
			isa = PBXGroup;
			children = (
				D8F090BCD5B55974EDBA37E3 /* Pods_News.framework */,
			);
			name = Frameworks;
			sourceTree = "<group>";
		};
		8A136771212BDEA900A8FAFA = {
			isa = PBXGroup;
			children = (
				8A13677C212BDEA900A8FAFA /* News */,
				8A13677B212BDEA900A8FAFA /* Products */,
				F9317BF88A0B4764B4BD9C9C /* Pods */,
				25C0E93A82092BABD0188C62 /* Frameworks */,
			);
			sourceTree = "<group>";
		};
		8A13677B212BDEA900A8FAFA /* Products */ = {
			isa = PBXGroup;
			children = (
				8A13677A212BDEA900A8FAFA /* News.app */,
			);
			name = Products;
			sourceTree = "<group>";
		};
		8A13677C212BDEA900A8FAFA /* News */ = {
			isa = PBXGroup;
			children = (
				8A1367B7212C051E00A8FAFA /* Other */,
				8A1367AF212C034200A8FAFA /* Tools */,
				8A1367AC212C031F00A8FAFA /* Main */,
				8A1367B3212C03B200A8FAFA /* Home */,
				8A13677D212BDEA900A8FAFA /* AppDelegate.swift */,
				8A13677F212BDEA900A8FAFA /* ViewController.swift */,
				8A13678F212BDEFE00A8FAFA /* MyTabBarController.swift */,
				8A136797212BDF7200A8FAFA /* MyNavigationController.swift */,
				8A136791212BDF2400A8FAFA /* HomeViewController.swift */,
				8A136793212BDF4A00A8FAFA /* VideoViewController.swift */,
				8A136799212BE49000A8FAFA /* HeadlineViewController.swift */,
				8A1367AA212BFE1700A8FAFA /* MineViewController.swift */,
				8A136795212BDF5500A8FAFA /* MainViewController.swift */,
				8A13679D212BE8A100A8FAFA /* MyTabBar.swift */,
				8A136781212BDEA900A8FAFA /* Main.storyboard */,
				8A136784212BDEAB00A8FAFA /* Assets.xcassets */,
				8A136786212BDEAB00A8FAFA /* LaunchScreen.storyboard */,
				8A136789212BDEAB00A8FAFA /* Info.plist */,
			);
			path = News;
			sourceTree = "<group>";
		};
		8A1367AC212C031F00A8FAFA /* Main */ = {
			isa = PBXGroup;
			children = (
				8A1367B2212C03A400A8FAFA /* Controller */,
				8A1367AE212C033C00A8FAFA /* View */,
				8A1367AD212C032D00A8FAFA /* Model */,
			);
			path = Main;
			sourceTree = "<group>";
		};
		8A1367AD212C032D00A8FAFA /* Model */ = {
			isa = PBXGroup;
			children = (
			);
			path = Model;
			sourceTree = "<group>";
		};
		8A1367AE212C033C00A8FAFA /* View */ = {
			isa = PBXGroup;
			children = (
			);
			path = View;
			sourceTree = "<group>";
		};
		8A1367AF212C034200A8FAFA /* Tools */ = {
			isa = PBXGroup;
			children = (
				8A1367B0212C038200A8FAFA /* NetworkTool.swift */,
			);
			path = Tools;
			sourceTree = "<group>";
		};
		8A1367B2212C03A400A8FAFA /* Controller */ = {
			isa = PBXGroup;
			children = (
			);
			path = Controller;
			sourceTree = "<group>";
		};
		8A1367B3212C03B200A8FAFA /* Home */ = {
			isa = PBXGroup;
			children = (
				8A1367B6212C03DB00A8FAFA /* View */,
				8A1367B5212C03CE00A8FAFA /* Controller */,
				8A1367B4212C03C800A8FAFA /* Model */,
			);
			path = Home;
			sourceTree = "<group>";
		};
		8A1367B4212C03C800A8FAFA /* Model */ = {
			isa = PBXGroup;
			children = (
			);
			path = Model;
			sourceTree = "<group>";
		};
		8A1367B5212C03CE00A8FAFA /* Controller */ = {
			isa = PBXGroup;
			children = (
			);
			path = Controller;
			sourceTree = "<group>";
		};
		8A1367B6212C03DB00A8FAFA /* View */ = {
			isa = PBXGroup;
			children = (
			);
			path = View;
			sourceTree = "<group>";
		};
		8A1367B7212C051E00A8FAFA /* Other */ = {
			isa = PBXGroup;
			children = (
				8A1367B8212C052A00A8FAFA /* Const.swift */,
			);
			path = Other;
			sourceTree = "<group>";
		};
		F9317BF88A0B4764B4BD9C9C /* Pods */ = {
			isa = PBXGroup;
			children = (
				B55A96C36C59F5C31276F206 /* Pods-News.debug.xcconfig */,
				A63F95B19D2A5CBC9266D884 /* Pods-News.release.xcconfig */,
			);
			name = Pods;
			sourceTree = "<group>";
		};
/* End PBXGroup section */

/* Begin PBXNativeTarget section */
		8A136779212BDEA900A8FAFA /* News */ = {
			isa = PBXNativeTarget;
			buildConfigurationList = 8A13678C212BDEAB00A8FAFA /* Build configuration list for PBXNativeTarget "News" */;
			buildPhases = (
				3572A031201D8B01004318D8 /* [CP] Check Pods Manifest.lock */,
				8A136776212BDEA900A8FAFA /* Sources */,
				8A136777212BDEA900A8FAFA /* Frameworks */,
				8A136778212BDEA900A8FAFA /* Resources */,
				9C1F3E1F0E34C8580F8F5DF8 /* [CP] Embed Pods Frameworks */,
				141882CCE4C483698256F12D /* [CP] Copy Pods Resources */,
			);
			buildRules = (
			);
			dependencies = (
			);
			name = News;
			productName = News;
			productReference = 8A13677A212BDEA900A8FAFA /* News.app */;
			productType = "com.apple.product-type.application";
		};
/* End PBXNativeTarget section */

/* Begin PBXProject section */
		8A136772212BDEA900A8FAFA /* Project object */ = {
			isa = PBXProject;
			attributes = {
				LastSwiftUpdateCheck = 0940;
				LastUpgradeCheck = 0940;
				ORGANIZATIONNAME = Phil;
				TargetAttributes = {
					8A136779212BDEA900A8FAFA = {
						CreatedOnToolsVersion = 9.4.1;
					};
				};
			};
			buildConfigurationList = 8A136775212BDEA900A8FAFA /* Build configuration list for PBXProject "News" */;
			compatibilityVersion = "Xcode 9.3";
			developmentRegion = en;
			hasScannedForEncodings = 0;
			knownRegions = (
				en,
				Base,
			);
			mainGroup = 8A136771212BDEA900A8FAFA;
			productRefGroup = 8A13677B212BDEA900A8FAFA /* Products */;
			projectDirPath = "";
			projectRoot = "";
			targets = (
				8A136779212BDEA900A8FAFA /* News */,
			);
		};
/* End PBXProject section */

/* Begin PBXResourcesBuildPhase section */
		8A136778212BDEA900A8FAFA /* Resources */ = {
			isa = PBXResourcesBuildPhase;
			buildActionMask = 2147483647;
			files = (
				8A136788212BDEAB00A8FAFA /* LaunchScreen.storyboard in Resources */,
				8A136785212BDEAB00A8FAFA /* Assets.xcassets in Resources */,
				8A136783212BDEA900A8FAFA /* Main.storyboard in Resources */,
			);
			runOnlyForDeploymentPostprocessing = 0;
		};
/* End PBXResourcesBuildPhase section */

/* Begin PBXShellScriptBuildPhase section */
		141882CCE4C483698256F12D /* [CP] Copy Pods Resources */ = {
			isa = PBXShellScriptBuildPhase;
			buildActionMask = 2147483647;
			files = (
			);
			inputPaths = (
			);
			name = "[CP] Copy Pods Resources";
			outputPaths = (
			);
			runOnlyForDeploymentPostprocessing = 0;
			shellPath = /bin/sh;
			shellScript = "\"${SRCROOT}/Pods/Target Support Files/Pods-News/Pods-News-resources.sh\"\n";
			showEnvVarsInLog = 0;
		};
		3572A031201D8B01004318D8 /* [CP] Check Pods Manifest.lock */ = {
			isa = PBXShellScriptBuildPhase;
			buildActionMask = 2147483647;
			files = (
			);
			inputPaths = (
				"${PODS_PODFILE_DIR_PATH}/Podfile.lock",
				"${PODS_ROOT}/Manifest.lock",
			);
			name = "[CP] Check Pods Manifest.lock";
			outputPaths = (
				"$(DERIVED_FILE_DIR)/Pods-News-checkManifestLockResult.txt",
			);
			runOnlyForDeploymentPostprocessing = 0;
			shellPath = /bin/sh;
			shellScript = "diff \"${PODS_PODFILE_DIR_PATH}/Podfile.lock\" \"${PODS_ROOT}/Manifest.lock\" > /dev/null\nif [ $? != 0 ] ; then\n    # print error to STDERR\n    echo \"error: The sandbox is not in sync with the Podfile.lock. Run 'pod install' or update your CocoaPods installation.\" >&2\n    exit 1\nfi\n# This output is used by Xcode 'outputs' to avoid re-running this script phase.\necho \"SUCCESS\" > \"${SCRIPT_OUTPUT_FILE_0}\"\n";
			showEnvVarsInLog = 0;
		};
		9C1F3E1F0E34C8580F8F5DF8 /* [CP] Embed Pods Frameworks */ = {
			isa = PBXShellScriptBuildPhase;
			buildActionMask = 2147483647;
			files = (
			);
			inputPaths = (
				"${SRCROOT}/Pods/Target Support Files/Pods-News/Pods-News-frameworks.sh",
				"${BUILT_PRODUCTS_DIR}/Alamofire/Alamofire.framework",
				"${BUILT_PRODUCTS_DIR}/HandyJSON/HandyJSON.framework",
				"${BUILT_PRODUCTS_DIR}/SwiftyJSON/SwiftyJSON.framework",
			);
			name = "[CP] Embed Pods Frameworks";
			outputPaths = (
				"${TARGET_BUILD_DIR}/${FRAMEWORKS_FOLDER_PATH}/Alamofire.framework",
				"${TARGET_BUILD_DIR}/${FRAMEWORKS_FOLDER_PATH}/HandyJSON.framework",
				"${TARGET_BUILD_DIR}/${FRAMEWORKS_FOLDER_PATH}/SwiftyJSON.framework",
			);
			runOnlyForDeploymentPostprocessing = 0;
			shellPath = /bin/sh;
			shellScript = "\"${SRCROOT}/Pods/Target Support Files/Pods-News/Pods-News-frameworks.sh\"\n";
			showEnvVarsInLog = 0;
		};
/* End PBXShellScriptBuildPhase section */

/* Begin PBXSourcesBuildPhase section */
		8A136776212BDEA900A8FAFA /* Sources */ = {
			isa = PBXSourcesBuildPhase;
			buildActionMask = 2147483647;
			files = (
				8A1367B1212C038200A8FAFA /* NetworkTool.swift in Sources */,
				8A13679A212BE49000A8FAFA /* HeadlineViewController.swift in Sources */,
				8A136780212BDEA900A8FAFA /* ViewController.swift in Sources */,
				8A13677E212BDEA900A8FAFA /* AppDelegate.swift in Sources */,
				8A136790212BDEFE00A8FAFA /* MyTabBarController.swift in Sources */,
				8A1367B9212C052A00A8FAFA /* Const.swift in Sources */,
				8A136796212BDF5500A8FAFA /* MainViewController.swift in Sources */,
				8A13679E212BE8A100A8FAFA /* MyTabBar.swift in Sources */,
				8A136798212BDF7200A8FAFA /* MyNavigationController.swift in Sources */,
				8A136794212BDF4A00A8FAFA /* VideoViewController.swift in Sources */,
				8A136792212BDF2400A8FAFA /* HomeViewController.swift in Sources */,
				8A1367AB212BFE1700A8FAFA /* MineViewController.swift in Sources */,
			);
			runOnlyForDeploymentPostprocessing = 0;
		};
/* End PBXSourcesBuildPhase section */

/* Begin PBXVariantGroup section */
		8A136781212BDEA900A8FAFA /* Main.storyboard */ = {
			isa = PBXVariantGroup;
			children = (
				8A136782212BDEA900A8FAFA /* Base */,
			);
			name = Main.storyboard;
			sourceTree = "<group>";
		};
		8A136786212BDEAB00A8FAFA /* LaunchScreen.storyboard */ = {
			isa = PBXVariantGroup;
			children = (
				8A136787212BDEAB00A8FAFA /* Base */,
			);
			name = LaunchScreen.storyboard;
			sourceTree = "<group>";
		};
/* End PBXVariantGroup section */

/* Begin XCBuildConfiguration section */
		8A13678A212BDEAB00A8FAFA /* Debug */ = {
			isa = XCBuildConfiguration;
			buildSettings = {
				ALWAYS_SEARCH_USER_PATHS = NO;
				CLANG_ANALYZER_NONNULL = YES;
				CLANG_ANALYZER_NUMBER_OBJECT_CONVERSION = YES_AGGRESSIVE;
				CLANG_CXX_LANGUAGE_STANDARD = "gnu++14";
				CLANG_CXX_LIBRARY = "libc++";
				CLANG_ENABLE_MODULES = YES;
				CLANG_ENABLE_OBJC_ARC = YES;
				CLANG_ENABLE_OBJC_WEAK = YES;
				CLANG_WARN_BLOCK_CAPTURE_AUTORELEASING = YES;
				CLANG_WARN_BOOL_CONVERSION = YES;
				CLANG_WARN_COMMA = YES;
				CLANG_WARN_CONSTANT_CONVERSION = YES;
				CLANG_WARN_DEPRECATED_OBJC_IMPLEMENTATIONS = YES;
				CLANG_WARN_DIRECT_OBJC_ISA_USAGE = YES_ERROR;
				CLANG_WARN_DOCUMENTATION_COMMENTS = YES;
				CLANG_WARN_EMPTY_BODY = YES;
				CLANG_WARN_ENUM_CONVERSION = YES;
				CLANG_WARN_INFINITE_RECURSION = YES;
				CLANG_WARN_INT_CONVERSION = YES;
				CLANG_WARN_NON_LITERAL_NULL_CONVERSION = YES;
				CLANG_WARN_OBJC_IMPLICIT_RETAIN_SELF = YES;
				CLANG_WARN_OBJC_LITERAL_CONVERSION = YES;
				CLANG_WARN_OBJC_ROOT_CLASS = YES_ERROR;
				CLANG_WARN_RANGE_LOOP_ANALYSIS = YES;
				CLANG_WARN_STRICT_PROTOTYPES = YES;
				CLANG_WARN_SUSPICIOUS_MOVE = YES;
				CLANG_WARN_UNGUARDED_AVAILABILITY = YES_AGGRESSIVE;
				CLANG_WARN_UNREACHABLE_CODE = YES;
				CLANG_WARN__DUPLICATE_METHOD_MATCH = YES;
				CODE_SIGN_IDENTITY = "iPhone Developer";
				COPY_PHASE_STRIP = NO;
				DEBUG_INFORMATION_FORMAT = dwarf;
				ENABLE_STRICT_OBJC_MSGSEND = YES;
				ENABLE_TESTABILITY = YES;
				GCC_C_LANGUAGE_STANDARD = gnu11;
				GCC_DYNAMIC_NO_PIC = NO;
				GCC_NO_COMMON_BLOCKS = YES;
				GCC_OPTIMIZATION_LEVEL = 0;
				GCC_PREPROCESSOR_DEFINITIONS = (
					"DEBUG=1",
					"$(inherited)",
				);
				GCC_WARN_64_TO_32_BIT_CONVERSION = YES;
				GCC_WARN_ABOUT_RETURN_TYPE = YES_ERROR;
				GCC_WARN_UNDECLARED_SELECTOR = YES;
				GCC_WARN_UNINITIALIZED_AUTOS = YES_AGGRESSIVE;
				GCC_WARN_UNUSED_FUNCTION = YES;
				GCC_WARN_UNUSED_VARIABLE = YES;
				IPHONEOS_DEPLOYMENT_TARGET = 11.4;
				MTL_ENABLE_DEBUG_INFO = YES;
				ONLY_ACTIVE_ARCH = YES;
				SDKROOT = iphoneos;
				SWIFT_ACTIVE_COMPILATION_CONDITIONS = DEBUG;
				SWIFT_OPTIMIZATION_LEVEL = "-Onone";
			};
			name = Debug;
		};
		8A13678B212BDEAB00A8FAFA /* Release */ = {
			isa = XCBuildConfiguration;
			buildSettings = {
				ALWAYS_SEARCH_USER_PATHS = NO;
				CLANG_ANALYZER_NONNULL = YES;
				CLANG_ANALYZER_NUMBER_OBJECT_CONVERSION = YES_AGGRESSIVE;
				CLANG_CXX_LANGUAGE_STANDARD = "gnu++14";
				CLANG_CXX_LIBRARY = "libc++";
				CLANG_ENABLE_MODULES = YES;
				CLANG_ENABLE_OBJC_ARC = YES;
				CLANG_ENABLE_OBJC_WEAK = YES;
				CLANG_WARN_BLOCK_CAPTURE_AUTORELEASING = YES;
				CLANG_WARN_BOOL_CONVERSION = YES;
				CLANG_WARN_COMMA = YES;
				CLANG_WARN_CONSTANT_CONVERSION = YES;
				CLANG_WARN_DEPRECATED_OBJC_IMPLEMENTATIONS = YES;
				CLANG_WARN_DIRECT_OBJC_ISA_USAGE = YES_ERROR;
				CLANG_WARN_DOCUMENTATION_COMMENTS = YES;
				CLANG_WARN_EMPTY_BODY = YES;
				CLANG_WARN_ENUM_CONVERSION = YES;
				CLANG_WARN_INFINITE_RECURSION = YES;
				CLANG_WARN_INT_CONVERSION = YES;
				CLANG_WARN_NON_LITERAL_NULL_CONVERSION = YES;
				CLANG_WARN_OBJC_IMPLICIT_RETAIN_SELF = YES;
				CLANG_WARN_OBJC_LITERAL_CONVERSION = YES;
				CLANG_WARN_OBJC_ROOT_CLASS = YES_ERROR;
				CLANG_WARN_RANGE_LOOP_ANALYSIS = YES;
				CLANG_WARN_STRICT_PROTOTYPES = YES;
				CLANG_WARN_SUSPICIOUS_MOVE = YES;
				CLANG_WARN_UNGUARDED_AVAILABILITY = YES_AGGRESSIVE;
				CLANG_WARN_UNREACHABLE_CODE = YES;
				CLANG_WARN__DUPLICATE_METHOD_MATCH = YES;
				CODE_SIGN_IDENTITY = "iPhone Developer";
				COPY_PHASE_STRIP = NO;
				DEBUG_INFORMATION_FORMAT = "dwarf-with-dsym";
				ENABLE_NS_ASSERTIONS = NO;
				ENABLE_STRICT_OBJC_MSGSEND = YES;
				GCC_C_LANGUAGE_STANDARD = gnu11;
				GCC_NO_COMMON_BLOCKS = YES;
				GCC_WARN_64_TO_32_BIT_CONVERSION = YES;
				GCC_WARN_ABOUT_RETURN_TYPE = YES_ERROR;
				GCC_WARN_UNDECLARED_SELECTOR = YES;
				GCC_WARN_UNINITIALIZED_AUTOS = YES_AGGRESSIVE;
				GCC_WARN_UNUSED_FUNCTION = YES;
				GCC_WARN_UNUSED_VARIABLE = YES;
				IPHONEOS_DEPLOYMENT_TARGET = 11.4;
				MTL_ENABLE_DEBUG_INFO = NO;
				SDKROOT = iphoneos;
				SWIFT_COMPILATION_MODE = wholemodule;
				SWIFT_OPTIMIZATION_LEVEL = "-O";
				VALIDATE_PRODUCT = YES;
			};
			name = Release;
		};
		8A13678D212BDEAB00A8FAFA /* Debug */ = {
			isa = XCBuildConfiguration;
			baseConfigurationReference = B55A96C36C59F5C31276F206 /* Pods-News.debug.xcconfig */;
			buildSettings = {
				ASSETCATALOG_COMPILER_APPICON_NAME = AppIcon;
				CODE_SIGN_STYLE = Automatic;
				DEVELOPMENT_TEAM = F7AP32ZTM5;
				INFOPLIST_FILE = News/Info.plist;
				IPHONEOS_DEPLOYMENT_TARGET = 11.0;
				LD_RUNPATH_SEARCH_PATHS = (
					"$(inherited)",
					"@executable_path/Frameworks",
				);
				PRODUCT_BUNDLE_IDENTIFIER = irons163.News;
				PRODUCT_NAME = "$(TARGET_NAME)";
				SWIFT_VERSION = 4.0;
				TARGETED_DEVICE_FAMILY = "1,2";
			};
			name = Debug;
		};
		8A13678E212BDEAB00A8FAFA /* Release */ = {
			isa = XCBuildConfiguration;
			baseConfigurationReference = A63F95B19D2A5CBC9266D884 /* Pods-News.release.xcconfig */;
			buildSettings = {
				ASSETCATALOG_COMPILER_APPICON_NAME = AppIcon;
				CODE_SIGN_STYLE = Automatic;
				DEVELOPMENT_TEAM = F7AP32ZTM5;
				INFOPLIST_FILE = News/Info.plist;
				IPHONEOS_DEPLOYMENT_TARGET = 11.0;
				LD_RUNPATH_SEARCH_PATHS = (
					"$(inherited)",
					"@executable_path/Frameworks",
				);
				PRODUCT_BUNDLE_IDENTIFIER = irons163.News;
				PRODUCT_NAME = "$(TARGET_NAME)";
				SWIFT_VERSION = 4.0;
				TARGETED_DEVICE_FAMILY = "1,2";
			};
			name = Release;
		};
/* End XCBuildConfiguration section */

/* Begin XCConfigurationList section */
		8A136775212BDEA900A8FAFA /* Build configuration list for PBXProject "News" */ = {
			isa = XCConfigurationList;
			buildConfigurations = (
				8A13678A212BDEAB00A8FAFA /* Debug */,
				8A13678B212BDEAB00A8FAFA /* Release */,
			);
			defaultConfigurationIsVisible = 0;
			defaultConfigurationName = Release;
		};
		8A13678C212BDEAB00A8FAFA /* Build configuration list for PBXNativeTarget "News" */ = {
			isa = XCConfigurationList;
			buildConfigurations = (
				8A13678D212BDEAB00A8FAFA /* Debug */,
				8A13678E212BDEAB00A8FAFA /* Release */,
			);
			defaultConfigurationIsVisible = 0;
			defaultConfigurationName = Release;
		};
/* End XCConfigurationList section */
	};
	rootObject = 8A136772212BDEA900A8FAFA /* Project object */;
}
